// !$*UTF8*$!
{
	archiveVersion = 1;
	classes = {
	};
	objectVersion = 51;
	objects = {

/* Begin PBXBuildFile section */
		C1F09BD968BBA65B98C04098 /* Pods_HarryPotterTrivia.framework in Frameworks */ = {isa = PBXBuildFile; fileRef = AF552076EFA3F1EA571BEE22 /* Pods_HarryPotterTrivia.framework */; };
		DE64E7DB24DF7B9C0054CBFC /* AppDelegate.swift in Sources */ = {isa = PBXBuildFile; fileRef = DE64E7DA24DF7B9C0054CBFC /* AppDelegate.swift */; };
		DE64E7DD24DF7B9C0054CBFC /* SceneDelegate.swift in Sources */ = {isa = PBXBuildFile; fileRef = DE64E7DC24DF7B9C0054CBFC /* SceneDelegate.swift */; };
		DE64E7E224DF7B9C0054CBFC /* Main.storyboard in Resources */ = {isa = PBXBuildFile; fileRef = DE64E7E024DF7B9C0054CBFC /* Main.storyboard */; };
		DE64E7E424DF7B9E0054CBFC /* Assets.xcassets in Resources */ = {isa = PBXBuildFile; fileRef = DE64E7E324DF7B9E0054CBFC /* Assets.xcassets */; };
		DE64E7E724DF7B9E0054CBFC /* LaunchScreen.storyboard in Resources */ = {isa = PBXBuildFile; fileRef = DE64E7E524DF7B9E0054CBFC /* LaunchScreen.storyboard */; };
		DE64E7F224DF7D260054CBFC /* HomePageViewController.swift in Sources */ = {isa = PBXBuildFile; fileRef = DE64E7F124DF7D260054CBFC /* HomePageViewController.swift */; };
		DE7126F224EA25650082D11F /* HarryPotterTrivia.xcdatamodeld in Sources */ = {isa = PBXBuildFile; fileRef = DE7126F024EA25650082D11F /* HarryPotterTrivia.xcdatamodeld */; };
		DE7126F524EA26170082D11F /* Quiz+CoreDataProperties.swift in Sources */ = {isa = PBXBuildFile; fileRef = DE7126F424EA26170082D11F /* Quiz+CoreDataProperties.swift */; };
		DE7126F624EA26170082D11F /* Quiz+CoreDataClass.swift in Sources */ = {isa = PBXBuildFile; fileRef = DE7126F324EA26170082D11F /* Quiz+CoreDataClass.swift */; };
		DE7126FA24F1B50F0082D11F /* QuizzesViewController.swift in Sources */ = {isa = PBXBuildFile; fileRef = DE7126F924F1B50F0082D11F /* QuizzesViewController.swift */; };
		DE7126FC24F1BF3A0082D11F /* QuizzesAndQuestions.swift in Sources */ = {isa = PBXBuildFile; fileRef = DE7126FB24F1BF3A0082D11F /* QuizzesAndQuestions.swift */; };
/* End PBXBuildFile section */

/* Begin PBXFileReference section */
		04E85D98681EEE60FE45C567 /* Pods-HarryPotterTrivia.release.xcconfig */ = {isa = PBXFileReference; includeInIndex = 1; lastKnownFileType = text.xcconfig; name = "Pods-HarryPotterTrivia.release.xcconfig"; path = "Target Support Files/Pods-HarryPotterTrivia/Pods-HarryPotterTrivia.release.xcconfig"; sourceTree = "<group>"; };
		AF552076EFA3F1EA571BEE22 /* Pods_HarryPotterTrivia.framework */ = {isa = PBXFileReference; explicitFileType = wrapper.framework; includeInIndex = 0; path = Pods_HarryPotterTrivia.framework; sourceTree = BUILT_PRODUCTS_DIR; };
		D2EA84523283E79233D4100D /* Pods-HarryPotterTrivia.debug.xcconfig */ = {isa = PBXFileReference; includeInIndex = 1; lastKnownFileType = text.xcconfig; name = "Pods-HarryPotterTrivia.debug.xcconfig"; path = "Target Support Files/Pods-HarryPotterTrivia/Pods-HarryPotterTrivia.debug.xcconfig"; sourceTree = "<group>"; };
		DE64E7D724DF7B9C0054CBFC /* HarryPotterTrivia.app */ = {isa = PBXFileReference; explicitFileType = wrapper.application; includeInIndex = 0; path = HarryPotterTrivia.app; sourceTree = BUILT_PRODUCTS_DIR; };
		DE64E7DA24DF7B9C0054CBFC /* AppDelegate.swift */ = {isa = PBXFileReference; lastKnownFileType = sourcecode.swift; path = AppDelegate.swift; sourceTree = "<group>"; };
		DE64E7DC24DF7B9C0054CBFC /* SceneDelegate.swift */ = {isa = PBXFileReference; lastKnownFileType = sourcecode.swift; path = SceneDelegate.swift; sourceTree = "<group>"; };
		DE64E7E124DF7B9C0054CBFC /* Base */ = {isa = PBXFileReference; lastKnownFileType = file.storyboard; name = Base; path = Base.lproj/Main.storyboard; sourceTree = "<group>"; };
		DE64E7E324DF7B9E0054CBFC /* Assets.xcassets */ = {isa = PBXFileReference; lastKnownFileType = folder.assetcatalog; path = Assets.xcassets; sourceTree = "<group>"; };
		DE64E7E624DF7B9E0054CBFC /* Base */ = {isa = PBXFileReference; lastKnownFileType = file.storyboard; name = Base; path = Base.lproj/LaunchScreen.storyboard; sourceTree = "<group>"; };
		DE64E7E824DF7B9E0054CBFC /* Info.plist */ = {isa = PBXFileReference; lastKnownFileType = text.plist.xml; path = Info.plist; sourceTree = "<group>"; };
		DE64E7F124DF7D260054CBFC /* HomePageViewController.swift */ = {isa = PBXFileReference; lastKnownFileType = sourcecode.swift; path = HomePageViewController.swift; sourceTree = "<group>"; };
		DE7126F124EA25650082D11F /* HarryPotterTrivia.xcdatamodel */ = {isa = PBXFileReference; lastKnownFileType = wrapper.xcdatamodel; path = HarryPotterTrivia.xcdatamodel; sourceTree = "<group>"; };
		DE7126F324EA26170082D11F /* Quiz+CoreDataClass.swift */ = {isa = PBXFileReference; lastKnownFileType = sourcecode.swift; name = "Quiz+CoreDataClass.swift"; path = "/Users/ameerbajwa/Projects/github_projects/HarryPotterTrivia/HarryPotterTrivia/Models/Quiz+CoreDataClass.swift"; sourceTree = "<absolute>"; };
		DE7126F424EA26170082D11F /* Quiz+CoreDataProperties.swift */ = {isa = PBXFileReference; lastKnownFileType = sourcecode.swift; name = "Quiz+CoreDataProperties.swift"; path = "/Users/ameerbajwa/Projects/github_projects/HarryPotterTrivia/HarryPotterTrivia/Models/Quiz+CoreDataProperties.swift"; sourceTree = "<absolute>"; };
		DE7126F924F1B50F0082D11F /* QuizzesViewController.swift */ = {isa = PBXFileReference; lastKnownFileType = sourcecode.swift; path = QuizzesViewController.swift; sourceTree = "<group>"; };
		DE7126FB24F1BF3A0082D11F /* QuizzesAndQuestions.swift */ = {isa = PBXFileReference; lastKnownFileType = sourcecode.swift; path = QuizzesAndQuestions.swift; sourceTree = "<group>"; };
/* End PBXFileReference section */

/* Begin PBXFrameworksBuildPhase section */
		DE64E7D424DF7B9C0054CBFC /* Frameworks */ = {
			isa = PBXFrameworksBuildPhase;
			buildActionMask = 2147483647;
			files = (
				C1F09BD968BBA65B98C04098 /* Pods_HarryPotterTrivia.framework in Frameworks */,
			);
			runOnlyForDeploymentPostprocessing = 0;
		};
/* End PBXFrameworksBuildPhase section */

/* Begin PBXGroup section */
		2D1BDF0F596AE0FB82E216E4 /* Pods */ = {
			isa = PBXGroup;
			children = (
				D2EA84523283E79233D4100D /* Pods-HarryPotterTrivia.debug.xcconfig */,
				04E85D98681EEE60FE45C567 /* Pods-HarryPotterTrivia.release.xcconfig */,
			);
			path = Pods;
			sourceTree = "<group>";
		};
		58872CF9FF522C7984CD251A /* Frameworks */ = {
			isa = PBXGroup;
			children = (
				AF552076EFA3F1EA571BEE22 /* Pods_HarryPotterTrivia.framework */,
			);
			name = Frameworks;
			sourceTree = "<group>";
		};
		DE64E7CE24DF7B9C0054CBFC = {
			isa = PBXGroup;
			children = (
				DE64E7D924DF7B9C0054CBFC /* HarryPotterTrivia */,
				DE64E7D824DF7B9C0054CBFC /* Products */,
				2D1BDF0F596AE0FB82E216E4 /* Pods */,
				58872CF9FF522C7984CD251A /* Frameworks */,
			);
			sourceTree = "<group>";
		};
		DE64E7D824DF7B9C0054CBFC /* Products */ = {
			isa = PBXGroup;
			children = (
				DE64E7D724DF7B9C0054CBFC /* HarryPotterTrivia.app */,
			);
			name = Products;
			sourceTree = "<group>";
		};
		DE64E7D924DF7B9C0054CBFC /* HarryPotterTrivia */ = {
			isa = PBXGroup;
			children = (
				DE64E7DA24DF7B9C0054CBFC /* AppDelegate.swift */,
				DE64E7DC24DF7B9C0054CBFC /* SceneDelegate.swift */,
				DE64E7F024DF7C6D0054CBFC /* Models */,
				DE64E7EE24DF7C3A0054CBFC /* Views */,
				DE64E7EF24DF7C680054CBFC /* Controllers */,
				DE64E7E324DF7B9E0054CBFC /* Assets.xcassets */,
				DE64E7E524DF7B9E0054CBFC /* LaunchScreen.storyboard */,
				DE64E7E824DF7B9E0054CBFC /* Info.plist */,
				DE7126F024EA25650082D11F /* HarryPotterTrivia.xcdatamodeld */,
			);
			path = HarryPotterTrivia;
			sourceTree = "<group>";
		};
		DE64E7EE24DF7C3A0054CBFC /* Views */ = {
			isa = PBXGroup;
			children = (
				DE64E7E024DF7B9C0054CBFC /* Main.storyboard */,
			);
			path = Views;
			sourceTree = "<group>";
		};
		DE64E7EF24DF7C680054CBFC /* Controllers */ = {
			isa = PBXGroup;
			children = (
				DE64E7F124DF7D260054CBFC /* HomePageViewController.swift */,
				DE7126F924F1B50F0082D11F /* QuizzesViewController.swift */,
			);
			path = Controllers;
			sourceTree = "<group>";
		};
		DE64E7F024DF7C6D0054CBFC /* Models */ = {
			isa = PBXGroup;
			children = (
				DE7126F324EA26170082D11F /* Quiz+CoreDataClass.swift */,
				DE7126F424EA26170082D11F /* Quiz+CoreDataProperties.swift */,
				DE7126FB24F1BF3A0082D11F /* QuizzesAndQuestions.swift */,
			);
			path = Models;
			sourceTree = "<group>";
		};
/* End PBXGroup section */

/* Begin PBXNativeTarget section */
		DE64E7D624DF7B9C0054CBFC /* HarryPotterTrivia */ = {
			isa = PBXNativeTarget;
			buildConfigurationList = DE64E7EB24DF7B9E0054CBFC /* Build configuration list for PBXNativeTarget "HarryPotterTrivia" */;
			buildPhases = (
				F2CAD23F677ED8977D73C744 /* [CP] Check Pods Manifest.lock */,
				DE64E7D324DF7B9C0054CBFC /* Sources */,
				DE64E7D424DF7B9C0054CBFC /* Frameworks */,
				DE64E7D524DF7B9C0054CBFC /* Resources */,
				15103D811FB73EE761BCE326 /* [CP] Embed Pods Frameworks */,
			);
			buildRules = (
			);
			dependencies = (
			);
			name = HarryPotterTrivia;
			productName = HarryPotterTrivia;
			productReference = DE64E7D724DF7B9C0054CBFC /* HarryPotterTrivia.app */;
			productType = "com.apple.product-type.application";
		};
/* End PBXNativeTarget section */

/* Begin PBXProject section */
		DE64E7CF24DF7B9C0054CBFC /* Project object */ = {
			isa = PBXProject;
			attributes = {
				LastSwiftUpdateCheck = 1150;
				LastUpgradeCheck = 1150;
				ORGANIZATIONNAME = "Ameer Bajwa";
				TargetAttributes = {
					DE64E7D624DF7B9C0054CBFC = {
						CreatedOnToolsVersion = 11.5;
					};
				};
			};
			buildConfigurationList = DE64E7D224DF7B9C0054CBFC /* Build configuration list for PBXProject "HarryPotterTrivia" */;
			compatibilityVersion = "Xcode 9.3";
			developmentRegion = en;
			hasScannedForEncodings = 0;
			knownRegions = (
				en,
				Base,
			);
			mainGroup = DE64E7CE24DF7B9C0054CBFC;
			productRefGroup = DE64E7D824DF7B9C0054CBFC /* Products */;
			projectDirPath = "";
			projectRoot = "";
			targets = (
				DE64E7D624DF7B9C0054CBFC /* HarryPotterTrivia */,
			);
		};
/* End PBXProject section */

/* Begin PBXResourcesBuildPhase section */
		DE64E7D524DF7B9C0054CBFC /* Resources */ = {
			isa = PBXResourcesBuildPhase;
			buildActionMask = 2147483647;
			files = (
				DE64E7E724DF7B9E0054CBFC /* LaunchScreen.storyboard in Resources */,
				DE64E7E424DF7B9E0054CBFC /* Assets.xcassets in Resources */,
				DE64E7E224DF7B9C0054CBFC /* Main.storyboard in Resources */,
			);
			runOnlyForDeploymentPostprocessing = 0;
		};
/* End PBXResourcesBuildPhase section */

/* Begin PBXShellScriptBuildPhase section */
		15103D811FB73EE761BCE326 /* [CP] Embed Pods Frameworks */ = {
			isa = PBXShellScriptBuildPhase;
			buildActionMask = 2147483647;
			files = (
			);
			inputFileListPaths = (
				"${PODS_ROOT}/Target Support Files/Pods-HarryPotterTrivia/Pods-HarryPotterTrivia-frameworks-${CONFIGURATION}-input-files.xcfilelist",
			);
			name = "[CP] Embed Pods Frameworks";
			outputFileListPaths = (
				"${PODS_ROOT}/Target Support Files/Pods-HarryPotterTrivia/Pods-HarryPotterTrivia-frameworks-${CONFIGURATION}-output-files.xcfilelist",
			);
			runOnlyForDeploymentPostprocessing = 0;
			shellPath = /bin/sh;
			shellScript = "\"${PODS_ROOT}/Target Support Files/Pods-HarryPotterTrivia/Pods-HarryPotterTrivia-frameworks.sh\"\n";
			showEnvVarsInLog = 0;
		};
		F2CAD23F677ED8977D73C744 /* [CP] Check Pods Manifest.lock */ = {
			isa = PBXShellScriptBuildPhase;
			buildActionMask = 2147483647;
			files = (
			);
			inputFileListPaths = (
			);
			inputPaths = (
				"${PODS_PODFILE_DIR_PATH}/Podfile.lock",
				"${PODS_ROOT}/Manifest.lock",
			);
			name = "[CP] Check Pods Manifest.lock";
			outputFileListPaths = (
			);
			outputPaths = (
				"$(DERIVED_FILE_DIR)/Pods-HarryPotterTrivia-checkManifestLockResult.txt",
			);
			runOnlyForDeploymentPostprocessing = 0;
			shellPath = /bin/sh;
			shellScript = "diff \"${PODS_PODFILE_DIR_PATH}/Podfile.lock\" \"${PODS_ROOT}/Manifest.lock\" > /dev/null\nif [ $? != 0 ] ; then\n    # print error to STDERR\n    echo \"error: The sandbox is not in sync with the Podfile.lock. Run 'pod install' or update your CocoaPods installation.\" >&2\n    exit 1\nfi\n# This output is used by Xcode 'outputs' to avoid re-running this script phase.\necho \"SUCCESS\" > \"${SCRIPT_OUTPUT_FILE_0}\"\n";
			showEnvVarsInLog = 0;
		};
/* End PBXShellScriptBuildPhase section */

/* Begin PBXSourcesBuildPhase section */
		DE64E7D324DF7B9C0054CBFC /* Sources */ = {
			isa = PBXSourcesBuildPhase;
			buildActionMask = 2147483647;
			files = (
				DE64E7DB24DF7B9C0054CBFC /* AppDelegate.swift in Sources */,
				DE64E7DD24DF7B9C0054CBFC /* SceneDelegate.swift in Sources */,
				DE7126F524EA26170082D11F /* Quiz+CoreDataProperties.swift in Sources */,
				DE64E7F224DF7D260054CBFC /* HomePageViewController.swift in Sources */,
				DE7126F224EA25650082D11F /* HarryPotterTrivia.xcdatamodeld in Sources */,
				DE7126FC24F1BF3A0082D11F /* QuizzesAndQuestions.swift in Sources */,
				DE7126FA24F1B50F0082D11F /* QuizzesViewController.swift in Sources */,
				DE7126F624EA26170082D11F /* Quiz+CoreDataClass.swift in Sources */,
			);
			runOnlyForDeploymentPostprocessing = 0;
		};
/* End PBXSourcesBuildPhase section */

/* Begin PBXVariantGroup section */
		DE64E7E024DF7B9C0054CBFC /* Main.storyboard */ = {
			isa = PBXVariantGroup;
			children = (
				DE64E7E124DF7B9C0054CBFC /* Base */,
			);
			name = Main.storyboard;
			sourceTree = "<group>";
		};
		DE64E7E524DF7B9E0054CBFC /* LaunchScreen.storyboard */ = {
			isa = PBXVariantGroup;
			children = (
				DE64E7E624DF7B9E0054CBFC /* Base */,
			);
			name = LaunchScreen.storyboard;
			sourceTree = "<group>";
		};
/* End PBXVariantGroup section */

/* Begin XCBuildConfiguration section */
		DE64E7E924DF7B9E0054CBFC /* Debug */ = {
			isa = XCBuildConfiguration;
			buildSettings = {
				ALWAYS_SEARCH_USER_PATHS = NO;
				CLANG_ANALYZER_NONNULL = YES;
				CLANG_ANALYZER_NUMBER_OBJECT_CONVERSION = YES_AGGRESSIVE;
				CLANG_CXX_LANGUAGE_STANDARD = "gnu++14";
				CLANG_CXX_LIBRARY = "libc++";
				CLANG_ENABLE_MODULES = YES;
				CLANG_ENABLE_OBJC_ARC = YES;
				CLANG_ENABLE_OBJC_WEAK = YES;
				CLANG_WARN_BLOCK_CAPTURE_AUTORELEASING = YES;
				CLANG_WARN_BOOL_CONVERSION = YES;
				CLANG_WARN_COMMA = YES;
				CLANG_WARN_CONSTANT_CONVERSION = YES;
				CLANG_WARN_DEPRECATED_OBJC_IMPLEMENTATIONS = YES;
				CLANG_WARN_DIRECT_OBJC_ISA_USAGE = YES_ERROR;
				CLANG_WARN_DOCUMENTATION_COMMENTS = YES;
				CLANG_WARN_EMPTY_BODY = YES;
				CLANG_WARN_ENUM_CONVERSION = YES;
				CLANG_WARN_INFINITE_RECURSION = YES;
				CLANG_WARN_INT_CONVERSION = YES;
				CLANG_WARN_NON_LITERAL_NULL_CONVERSION = YES;
				CLANG_WARN_OBJC_IMPLICIT_RETAIN_SELF = YES;
				CLANG_WARN_OBJC_LITERAL_CONVERSION = YES;
				CLANG_WARN_OBJC_ROOT_CLASS = YES_ERROR;
				CLANG_WARN_RANGE_LOOP_ANALYSIS = YES;
				CLANG_WARN_STRICT_PROTOTYPES = YES;
				CLANG_WARN_SUSPICIOUS_MOVE = YES;
				CLANG_WARN_UNGUARDED_AVAILABILITY = YES_AGGRESSIVE;
				CLANG_WARN_UNREACHABLE_CODE = YES;
				CLANG_WARN__DUPLICATE_METHOD_MATCH = YES;
				COPY_PHASE_STRIP = NO;
				DEBUG_INFORMATION_FORMAT = dwarf;
				ENABLE_STRICT_OBJC_MSGSEND = YES;
				ENABLE_TESTABILITY = YES;
				GCC_C_LANGUAGE_STANDARD = gnu11;
				GCC_DYNAMIC_NO_PIC = NO;
				GCC_NO_COMMON_BLOCKS = YES;
				GCC_OPTIMIZATION_LEVEL = 0;
				GCC_PREPROCESSOR_DEFINITIONS = (
					"DEBUG=1",
					"$(inherited)",
				);
				GCC_WARN_64_TO_32_BIT_CONVERSION = YES;
				GCC_WARN_ABOUT_RETURN_TYPE = YES_ERROR;
				GCC_WARN_UNDECLARED_SELECTOR = YES;
				GCC_WARN_UNINITIALIZED_AUTOS = YES_AGGRESSIVE;
				GCC_WARN_UNUSED_FUNCTION = YES;
				GCC_WARN_UNUSED_VARIABLE = YES;
				IPHONEOS_DEPLOYMENT_TARGET = 13.5;
				MTL_ENABLE_DEBUG_INFO = INCLUDE_SOURCE;
				MTL_FAST_MATH = YES;
				ONLY_ACTIVE_ARCH = YES;
				SDKROOT = iphoneos;
				SWIFT_ACTIVE_COMPILATION_CONDITIONS = DEBUG;
				SWIFT_OPTIMIZATION_LEVEL = "-Onone";
			};
			name = Debug;
		};
		DE64E7EA24DF7B9E0054CBFC /* Release */ = {
			isa = XCBuildConfiguration;
			buildSettings = {
				ALWAYS_SEARCH_USER_PATHS = NO;
				CLANG_ANALYZER_NONNULL = YES;
				CLANG_ANALYZER_NUMBER_OBJECT_CONVERSION = YES_AGGRESSIVE;
				CLANG_CXX_LANGUAGE_STANDARD = "gnu++14";
				CLANG_CXX_LIBRARY = "libc++";
				CLANG_ENABLE_MODULES = YES;
				CLANG_ENABLE_OBJC_ARC = YES;
				CLANG_ENABLE_OBJC_WEAK = YES;
				CLANG_WARN_BLOCK_CAPTURE_AUTORELEASING = YES;
				CLANG_WARN_BOOL_CONVERSION = YES;
				CLANG_WARN_COMMA = YES;
				CLANG_WARN_CONSTANT_CONVERSION = YES;
				CLANG_WARN_DEPRECATED_OBJC_IMPLEMENTATIONS = YES;
				CLANG_WARN_DIRECT_OBJC_ISA_USAGE = YES_ERROR;
				CLANG_WARN_DOCUMENTATION_COMMENTS = YES;
				CLANG_WARN_EMPTY_BODY = YES;
				CLANG_WARN_ENUM_CONVERSION = YES;
				CLANG_WARN_INFINITE_RECURSION = YES;
				CLANG_WARN_INT_CONVERSION = YES;
				CLANG_WARN_NON_LITERAL_NULL_CONVERSION = YES;
				CLANG_WARN_OBJC_IMPLICIT_RETAIN_SELF = YES;
				CLANG_WARN_OBJC_LITERAL_CONVERSION = YES;
				CLANG_WARN_OBJC_ROOT_CLASS = YES_ERROR;
				CLANG_WARN_RANGE_LOOP_ANALYSIS = YES;
				CLANG_WARN_STRICT_PROTOTYPES = YES;
				CLANG_WARN_SUSPICIOUS_MOVE = YES;
				CLANG_WARN_UNGUARDED_AVAILABILITY = YES_AGGRESSIVE;
				CLANG_WARN_UNREACHABLE_CODE = YES;
				CLANG_WARN__DUPLICATE_METHOD_MATCH = YES;
				COPY_PHASE_STRIP = NO;
				DEBUG_INFORMATION_FORMAT = "dwarf-with-dsym";
				ENABLE_NS_ASSERTIONS = NO;
				ENABLE_STRICT_OBJC_MSGSEND = YES;
				GCC_C_LANGUAGE_STANDARD = gnu11;
				GCC_NO_COMMON_BLOCKS = YES;
				GCC_WARN_64_TO_32_BIT_CONVERSION = YES;
				GCC_WARN_ABOUT_RETURN_TYPE = YES_ERROR;
				GCC_WARN_UNDECLARED_SELECTOR = YES;
				GCC_WARN_UNINITIALIZED_AUTOS = YES_AGGRESSIVE;
				GCC_WARN_UNUSED_FUNCTION = YES;
				GCC_WARN_UNUSED_VARIABLE = YES;
				IPHONEOS_DEPLOYMENT_TARGET = 13.5;
				MTL_ENABLE_DEBUG_INFO = NO;
				MTL_FAST_MATH = YES;
				SDKROOT = iphoneos;
				SWIFT_COMPILATION_MODE = wholemodule;
				SWIFT_OPTIMIZATION_LEVEL = "-O";
				VALIDATE_PRODUCT = YES;
			};
			name = Release;
		};
		DE64E7EC24DF7B9E0054CBFC /* Debug */ = {
			isa = XCBuildConfiguration;
			baseConfigurationReference = D2EA84523283E79233D4100D /* Pods-HarryPotterTrivia.debug.xcconfig */;
			buildSettings = {
				ASSETCATALOG_COMPILER_APPICON_NAME = AppIcon;
				CODE_SIGN_STYLE = Automatic;
				INFOPLIST_FILE = HarryPotterTrivia/Info.plist;
				LD_RUNPATH_SEARCH_PATHS = (
					"$(inherited)",
					"@executable_path/Frameworks",
				);
				PRODUCT_BUNDLE_IDENTIFIER = TheBaj.HarryPotterTrivia;
				PRODUCT_NAME = "$(TARGET_NAME)";
				SWIFT_VERSION = 5.0;
				TARGETED_DEVICE_FAMILY = "1,2";
			};
			name = Debug;
		};
		DE64E7ED24DF7B9E0054CBFC /* Release */ = {
			isa = XCBuildConfiguration;
			baseConfigurationReference = 04E85D98681EEE60FE45C567 /* Pods-HarryPotterTrivia.release.xcconfig */;
			buildSettings = {
				ASSETCATALOG_COMPILER_APPICON_NAME = AppIcon;
				CODE_SIGN_STYLE = Automatic;
				INFOPLIST_FILE = HarryPotterTrivia/Info.plist;
				LD_RUNPATH_SEARCH_PATHS = (
					"$(inherited)",
					"@executable_path/Frameworks",
				);
				PRODUCT_BUNDLE_IDENTIFIER = TheBaj.HarryPotterTrivia;
				PRODUCT_NAME = "$(TARGET_NAME)";
				SWIFT_VERSION = 5.0;
				TARGETED_DEVICE_FAMILY = "1,2";
			};
			name = Release;
		};
/* End XCBuildConfiguration section */

/* Begin XCConfigurationList section */
		DE64E7D224DF7B9C0054CBFC /* Build configuration list for PBXProject "HarryPotterTrivia" */ = {
			isa = XCConfigurationList;
			buildConfigurations = (
				DE64E7E924DF7B9E0054CBFC /* Debug */,
				DE64E7EA24DF7B9E0054CBFC /* Release */,
			);
			defaultConfigurationIsVisible = 0;
			defaultConfigurationName = Release;
		};
		DE64E7EB24DF7B9E0054CBFC /* Build configuration list for PBXNativeTarget "HarryPotterTrivia" */ = {
			isa = XCConfigurationList;
			buildConfigurations = (
				DE64E7EC24DF7B9E0054CBFC /* Debug */,
				DE64E7ED24DF7B9E0054CBFC /* Release */,
			);
			defaultConfigurationIsVisible = 0;
			defaultConfigurationName = Release;
		};
/* End XCConfigurationList section */

/* Begin XCVersionGroup section */
		DE7126F024EA25650082D11F /* HarryPotterTrivia.xcdatamodeld */ = {
			isa = XCVersionGroup;
			children = (
				DE7126F124EA25650082D11F /* HarryPotterTrivia.xcdatamodel */,
			);
			currentVersion = DE7126F124EA25650082D11F /* HarryPotterTrivia.xcdatamodel */;
			path = HarryPotterTrivia.xcdatamodeld;
			sourceTree = "<group>";
			versionGroupType = wrapper.xcdatamodel;
		};
/* End XCVersionGroup section */
	};
	rootObject = DE64E7CF24DF7B9C0054CBFC /* Project object */;
}
